{
  "name": "tello-video-nodejs-websockets",
  "version": "1.0.0",
  "lockfileVersion": 1,
  "requires": true,
  "dependencies": {
    "tellojs": {
      "version": "0.1.80",
      "resolved": "https://registry.npmjs.org/tellojs/-/tellojs-0.1.80.tgz",
      "integrity": "sha512-Q98WcewswelnLWB4fKazaSsGEldroEwMFxhtQDHAlXVcTFKUArjmjt6nUsNK0hevTpTnj4eMeUyZOuicNVl7yQ=="
    },
    "ws": {
      "version": "7.2.3",
      "resolved": "https://registry.npmjs.org/ws/-/ws-7.2.3.tgz",
      "integrity": "sha512-HTDl9G9hbkNDk98naoR/cHDws7+EyYMOdL1BmjsZXRUjf7d+MficC4B7HLUPlSiho0vg+CWKrGIt/VJBd1xunQ=="
    }
  }
}
